PODS:
  - RSCrashReporter (1.0.1)
  - Rudder (1.31.0)
  - RudderKit (1.4.0)
  - SQLCipher (4.5.4):
    - SQLCipher/standard (= 4.5.4)
  - SQLCipher/common (4.5.4)
  - SQLCipher/standard (4.5.4):
    - SQLCipher/common

DEPENDENCIES:
  - RSCrashReporter
  - Rudder (from `.`)
  - RudderKit
  - SQLCipher (~> 4.0)

SPEC REPOS:
  https://github.com/rudderlabs/Specs.git:
    - RSCrashReporter
    - RudderKit
    - SQLCipher

EXTERNAL SOURCES:
  Rudder:
    :path: "."

SPEC CHECKSUMS:
  RSCrashReporter: 6b8376ac729b0289ebe0908553e5f56d8171f313
  Rudder: 424496905d34f5244f6fb95923a4d2a9a803cd8f
  RudderKit: d9d6997696e1642b753d8bdf94e57af643a68f03
  SQLCipher: 905b145f65f349f26da9e60a19901ad24adcd381

PODFILE CHECKSUM: d3ad44afd4356e0ff3d9a6fe6dc1ac5c44f078b5

COCOAPODS: 1.13.0
